
Microsoft Visual Studio Solution File, Format Version 12.00
# Visual Studio Version 16
VisualStudioVersion = 16.6.30114.105
MinimumVisualStudioVersion = 10.0.40219.1
Project("{FAE04EC0-301F-11D3-BF4B-00C04F79EFBC}") = "WerkWerk", "WerkWerk\WerkWerk.csproj", "{D1F5E8A1-3768-4D98-92EB-21E9E07B3590}"
EndProject
Project("{FAE04EC0-301F-11D3-BF4B-00C04F79EFBC}") = "WerkWerk.Test", "WerkWerk.Test\WerkWerk.Test.csproj", "{1F9DB52E-6E65-49CA-A54A-62D2BE38681E}"
EndProject
Global
	GlobalSection(SolutionConfigurationPlatforms) = preSolution
		Debug|Any CPU = Debug|Any CPU
		Debug|x64 = Debug|x64
		Debug|x86 = Debug|x86
		Release|Any CPU = Release|Any CPU
		Release|x64 = Release|x64
		Release|x86 = Release|x86
	EndGlobalSection
	GlobalSection(SolutionProperties) = preSolution
		HideSolutionNode = FALSE
	EndGlobalSection
	GlobalSection(ProjectConfigurationPlatforms) = postSolution
		{D1F5E8A1-3768-4D98-92EB-21E9E07B3590}.Debug|Any CPU.ActiveCfg = Debug|Any CPU
		{D1F5E8A1-3768-4D98-92EB-21E9E07B3590}.Debug|Any CPU.Build.0 = Debug|Any CPU
		{D1F5E8A1-3768-4D98-92EB-21E9E07B3590}.Debug|x64.ActiveCfg = Debug|Any CPU
		{D1F5E8A1-3768-4D98-92EB-21E9E07B3590}.Debug|x64.Build.0 = Debug|Any CPU
		{D1F5E8A1-3768-4D98-92EB-21E9E07B3590}.Debug|x86.ActiveCfg = Debug|Any CPU
		{D1F5E8A1-3768-4D98-92EB-21E9E07B3590}.Debug|x86.Build.0 = Debug|Any CPU
		{D1F5E8A1-3768-4D98-92EB-21E9E07B3590}.Release|Any CPU.ActiveCfg = Release|Any CPU
		{D1F5E8A1-3768-4D98-92EB-21E9E07B3590}.Release|Any CPU.Build.0 = Release|Any CPU
		{D1F5E8A1-3768-4D98-92EB-21E9E07B3590}.Release|x64.ActiveCfg = Release|Any CPU
		{D1F5E8A1-3768-4D98-92EB-21E9E07B3590}.Release|x64.Build.0 = Release|Any CPU
		{D1F5E8A1-3768-4D98-92EB-21E9E07B3590}.Release|x86.ActiveCfg = Release|Any CPU
		{D1F5E8A1-3768-4D98-92EB-21E9E07B3590}.Release|x86.Build.0 = Release|Any CPU
		{1F9DB52E-6E65-49CA-A54A-62D2BE38681E}.Debug|Any CPU.ActiveCfg = Debug|Any CPU
		{1F9DB52E-6E65-49CA-A54A-62D2BE38681E}.Debug|Any CPU.Build.0 = Debug|Any CPU
		{1F9DB52E-6E65-49CA-A54A-62D2BE38681E}.Debug|x64.ActiveCfg = Debug|Any CPU
		{1F9DB52E-6E65-49CA-A54A-62D2BE38681E}.Debug|x64.Build.0 = Debug|Any CPU
		{1F9DB52E-6E65-49CA-A54A-62D2BE38681E}.Debug|x86.ActiveCfg = Debug|Any CPU
		{1F9DB52E-6E65-49CA-A54A-62D2BE38681E}.Debug|x86.Build.0 = Debug|Any CPU
		{1F9DB52E-6E65-49CA-A54A-62D2BE38681E}.Release|Any CPU.ActiveCfg = Release|Any CPU
		{1F9DB52E-6E65-49CA-A54A-62D2BE38681E}.Release|Any CPU.Build.0 = Release|Any CPU
		{1F9DB52E-6E65-49CA-A54A-62D2BE38681E}.Release|x64.ActiveCfg = Release|Any CPU
		{1F9DB52E-6E65-49CA-A54A-62D2BE38681E}.Release|x64.Build.0 = Release|Any CPU
		{1F9DB52E-6E65-49CA-A54A-62D2BE38681E}.Release|x86.ActiveCfg = Release|Any CPU
		{1F9DB52E-6E65-49CA-A54A-62D2BE38681E}.Release|x86.Build.0 = Release|Any CPU
	EndGlobalSection
EndGlobal
